
Microsoft Visual Studio Solution File, Format Version 12.00
# Visual Studio Version 17
VisualStudioVersion = 17.6.33723.286
MinimumVisualStudioVersion = 10.0.40219.1
Project("{9A19103F-16F7-4668-BE54-9A1E7A4F7556}") = "MyProject.Entities", "MyProject.Entities\MyProject.Entities.csproj", "{ECD6D350-298D-402A-AD90-3D114ABE62FE}"
EndProject
Project("{9A19103F-16F7-4668-BE54-9A1E7A4F7556}") = "MyProject.DataAccess", "MyProject.DataAccess\MyProject.DataAccess.csproj", "{7BEE4F6C-25F5-46ED-9174-54E02C89BEDE}"
EndProject
Project("{9A19103F-16F7-4668-BE54-9A1E7A4F7556}") = "MyProject.Business", "MyProject.Business\MyProject.Business.csproj", "{DCD2E166-3495-4A4F-8D94-D9AB16A296F6}"
EndProject
Project("{9A19103F-16F7-4668-BE54-9A1E7A4F7556}") = "MyProject.Core", "MyProject.Core\MyProject.Core.csproj", "{13148787-1B85-471D-B82A-114C43356A7A}"
EndProject
Project("{FAE04EC0-301F-11D3-BF4B-00C04F79EFBC}") = "MyProject.WebUI", "MyProject.WebUI\MyProject.WebUI.csproj", "{5F5111CB-C737-4087-9DAA-E140B719ABF8}"
EndProject
Global
	GlobalSection(SolutionConfigurationPlatforms) = preSolution
		Debug|Any CPU = Debug|Any CPU
		Release|Any CPU = Release|Any CPU
	EndGlobalSection
	GlobalSection(ProjectConfigurationPlatforms) = postSolution
		{ECD6D350-298D-402A-AD90-3D114ABE62FE}.Debug|Any CPU.ActiveCfg = Debug|Any CPU
		{ECD6D350-298D-402A-AD90-3D114ABE62FE}.Debug|Any CPU.Build.0 = Debug|Any CPU
		{ECD6D350-298D-402A-AD90-3D114ABE62FE}.Release|Any CPU.ActiveCfg = Release|Any CPU
		{ECD6D350-298D-402A-AD90-3D114ABE62FE}.Release|Any CPU.Build.0 = Release|Any CPU
		{7BEE4F6C-25F5-46ED-9174-54E02C89BEDE}.Debug|Any CPU.ActiveCfg = Debug|Any CPU
		{7BEE4F6C-25F5-46ED-9174-54E02C89BEDE}.Debug|Any CPU.Build.0 = Debug|Any CPU
		{7BEE4F6C-25F5-46ED-9174-54E02C89BEDE}.Release|Any CPU.ActiveCfg = Release|Any CPU
		{7BEE4F6C-25F5-46ED-9174-54E02C89BEDE}.Release|Any CPU.Build.0 = Release|Any CPU
		{DCD2E166-3495-4A4F-8D94-D9AB16A296F6}.Debug|Any CPU.ActiveCfg = Debug|Any CPU
		{DCD2E166-3495-4A4F-8D94-D9AB16A296F6}.Debug|Any CPU.Build.0 = Debug|Any CPU
		{DCD2E166-3495-4A4F-8D94-D9AB16A296F6}.Release|Any CPU.ActiveCfg = Release|Any CPU
		{DCD2E166-3495-4A4F-8D94-D9AB16A296F6}.Release|Any CPU.Build.0 = Release|Any CPU
		{13148787-1B85-471D-B82A-114C43356A7A}.Debug|Any CPU.ActiveCfg = Debug|Any CPU
		{13148787-1B85-471D-B82A-114C43356A7A}.Debug|Any CPU.Build.0 = Debug|Any CPU
		{13148787-1B85-471D-B82A-114C43356A7A}.Release|Any CPU.ActiveCfg = Release|Any CPU
		{13148787-1B85-471D-B82A-114C43356A7A}.Release|Any CPU.Build.0 = Release|Any CPU
		{5F5111CB-C737-4087-9DAA-E140B719ABF8}.Debug|Any CPU.ActiveCfg = Debug|Any CPU
		{5F5111CB-C737-4087-9DAA-E140B719ABF8}.Debug|Any CPU.Build.0 = Debug|Any CPU
		{5F5111CB-C737-4087-9DAA-E140B719ABF8}.Release|Any CPU.ActiveCfg = Release|Any CPU
		{5F5111CB-C737-4087-9DAA-E140B719ABF8}.Release|Any CPU.Build.0 = Release|Any CPU
	EndGlobalSection
	GlobalSection(SolutionProperties) = preSolution
		HideSolutionNode = FALSE
	EndGlobalSection
	GlobalSection(ExtensibilityGlobals) = postSolution
		SolutionGuid = {085ABB17-0DC3-430B-9A48-52B8C49D910A}
	EndGlobalSection
EndGlobal
